
Microsoft Visual Studio Solution File, Format Version 12.00
# Visual Studio 15
Project("{FAE04EC0-301F-11D3-BF4B-00C04F79EFBC}") = "Assembly-CSharp-firstpass", "Assembly-CSharp-firstpass.csproj", "{D1888309-79C2-C577-68F4-DE397729E5DE}"
EndProject
Project("{FAE04EC0-301F-11D3-BF4B-00C04F79EFBC}") = "Assembly-CSharp", "Assembly-CSharp.csproj", "{0821DE92-2D16-2BDF-E0AC-72445B532981}"
EndProject
Project("{FAE04EC0-301F-11D3-BF4B-00C04F79EFBC}") = "Oculus.VR", "Oculus.VR.csproj", "{EC721B33-5D5D-4414-0E29-6773AFDE215E}"
EndProject
Project("{FAE04EC0-301F-11D3-BF4B-00C04F79EFBC}") = "Oculus.Platform", "Oculus.Platform.csproj", "{D5477351-8FB9-171B-5453-CFE6E9B5E12E}"
EndProject
Project("{FAE04EC0-301F-11D3-BF4B-00C04F79EFBC}") = "Assembly-CSharp-Editor-firstpass", "Assembly-CSharp-Editor-firstpass.csproj", "{EAA4700C-EA3B-7056-1CF5-D5553821E36F}"
EndProject
Project("{FAE04EC0-301F-11D3-BF4B-00C04F79EFBC}") = "Oculus.VR.Scripts.Editor", "Oculus.VR.Scripts.Editor.csproj", "{63040EE2-EBBE-AB41-D99C-5FB4BFCB8D3B}"
EndProject
Project("{FAE04EC0-301F-11D3-BF4B-00C04F79EFBC}") = "Oculus.VR.Editor", "Oculus.VR.Editor.csproj", "{A66E777C-2646-33E8-1E04-08651C1DEFB1}"
EndProject
Project("{FAE04EC0-301F-11D3-BF4B-00C04F79EFBC}") = "Oculus.Platform.Editor", "Oculus.Platform.Editor.csproj", "{E558E64D-8FEB-3BF7-71DE-3CE748CCA971}"
EndProject
Global
	GlobalSection(SolutionConfigurationPlatforms) = preSolution
		Debug|Any CPU = Debug|Any CPU
		Release|Any CPU = Release|Any CPU
	EndGlobalSection
	GlobalSection(ProjectConfigurationPlatforms) = postSolution
		{D1888309-79C2-C577-68F4-DE397729E5DE}.Debug|Any CPU.ActiveCfg = Debug|Any CPU
		{D1888309-79C2-C577-68F4-DE397729E5DE}.Debug|Any CPU.Build.0 = Debug|Any CPU
		{D1888309-79C2-C577-68F4-DE397729E5DE}.Release|Any CPU.ActiveCfg = Release|Any CPU
		{D1888309-79C2-C577-68F4-DE397729E5DE}.Release|Any CPU.Build.0 = Release|Any CPU
		{0821DE92-2D16-2BDF-E0AC-72445B532981}.Debug|Any CPU.ActiveCfg = Debug|Any CPU
		{0821DE92-2D16-2BDF-E0AC-72445B532981}.Debug|Any CPU.Build.0 = Debug|Any CPU
		{0821DE92-2D16-2BDF-E0AC-72445B532981}.Release|Any CPU.ActiveCfg = Release|Any CPU
		{0821DE92-2D16-2BDF-E0AC-72445B532981}.Release|Any CPU.Build.0 = Release|Any CPU
		{EC721B33-5D5D-4414-0E29-6773AFDE215E}.Debug|Any CPU.ActiveCfg = Debug|Any CPU
		{EC721B33-5D5D-4414-0E29-6773AFDE215E}.Debug|Any CPU.Build.0 = Debug|Any CPU
		{EC721B33-5D5D-4414-0E29-6773AFDE215E}.Release|Any CPU.ActiveCfg = Release|Any CPU
		{EC721B33-5D5D-4414-0E29-6773AFDE215E}.Release|Any CPU.Build.0 = Release|Any CPU
		{D5477351-8FB9-171B-5453-CFE6E9B5E12E}.Debug|Any CPU.ActiveCfg = Debug|Any CPU
		{D5477351-8FB9-171B-5453-CFE6E9B5E12E}.Debug|Any CPU.Build.0 = Debug|Any CPU
		{D5477351-8FB9-171B-5453-CFE6E9B5E12E}.Release|Any CPU.ActiveCfg = Release|Any CPU
		{D5477351-8FB9-171B-5453-CFE6E9B5E12E}.Release|Any CPU.Build.0 = Release|Any CPU
		{EAA4700C-EA3B-7056-1CF5-D5553821E36F}.Debug|Any CPU.ActiveCfg = Debug|Any CPU
		{EAA4700C-EA3B-7056-1CF5-D5553821E36F}.Debug|Any CPU.Build.0 = Debug|Any CPU
		{EAA4700C-EA3B-7056-1CF5-D5553821E36F}.Release|Any CPU.ActiveCfg = Release|Any CPU
		{EAA4700C-EA3B-7056-1CF5-D5553821E36F}.Release|Any CPU.Build.0 = Release|Any CPU
		{63040EE2-EBBE-AB41-D99C-5FB4BFCB8D3B}.Debug|Any CPU.ActiveCfg = Debug|Any CPU
		{63040EE2-EBBE-AB41-D99C-5FB4BFCB8D3B}.Debug|Any CPU.Build.0 = Debug|Any CPU
		{63040EE2-EBBE-AB41-D99C-5FB4BFCB8D3B}.Release|Any CPU.ActiveCfg = Release|Any CPU
		{63040EE2-EBBE-AB41-D99C-5FB4BFCB8D3B}.Release|Any CPU.Build.0 = Release|Any CPU
		{A66E777C-2646-33E8-1E04-08651C1DEFB1}.Debug|Any CPU.ActiveCfg = Debug|Any CPU
		{A66E777C-2646-33E8-1E04-08651C1DEFB1}.Debug|Any CPU.Build.0 = Debug|Any CPU
		{A66E777C-2646-33E8-1E04-08651C1DEFB1}.Release|Any CPU.ActiveCfg = Release|Any CPU
		{A66E777C-2646-33E8-1E04-08651C1DEFB1}.Release|Any CPU.Build.0 = Release|Any CPU
		{E558E64D-8FEB-3BF7-71DE-3CE748CCA971}.Debug|Any CPU.ActiveCfg = Debug|Any CPU
		{E558E64D-8FEB-3BF7-71DE-3CE748CCA971}.Debug|Any CPU.Build.0 = Debug|Any CPU
		{E558E64D-8FEB-3BF7-71DE-3CE748CCA971}.Release|Any CPU.ActiveCfg = Release|Any CPU
		{E558E64D-8FEB-3BF7-71DE-3CE748CCA971}.Release|Any CPU.Build.0 = Release|Any CPU
	EndGlobalSection
	GlobalSection(SolutionProperties) = preSolution
		HideSolutionNode = FALSE
	EndGlobalSection
EndGlobal
